
Microsoft Visual Studio Solution File, Format Version 12.00
# Visual Studio 15
VisualStudioVersion = 15.0.28010.2026
MinimumVisualStudioVersion = 10.0.40219.1
Project("{FAE04EC0-301F-11D3-BF4B-00C04F79EFBC}") = "StudentRecordManagementSystem", "StudentRecordManagementSystem\StudentRecordManagementSystem.csproj", "{30505FE5-547C-443D-A68F-9DF81F8B123B}"
EndProject
Global
	GlobalSection(SolutionConfigurationPlatforms) = preSolution
		Debug|Any CPU = Debug|Any CPU
		Release|Any CPU = Release|Any CPU
	EndGlobalSection
	GlobalSection(ProjectConfigurationPlatforms) = postSolution
		{30505FE5-547C-443D-A68F-9DF81F8B123B}.Debug|Any CPU.ActiveCfg = Debug|Any CPU
		{30505FE5-547C-443D-A68F-9DF81F8B123B}.Debug|Any CPU.Build.0 = Debug|Any CPU
		{30505FE5-547C-443D-A68F-9DF81F8B123B}.Release|Any CPU.ActiveCfg = Release|Any CPU
		{30505FE5-547C-443D-A68F-9DF81F8B123B}.Release|Any CPU.Build.0 = Release|Any CPU
	EndGlobalSection
	GlobalSection(SolutionProperties) = preSolution
		HideSolutionNode = FALSE
	EndGlobalSection
	GlobalSection(ExtensibilityGlobals) = postSolution
		SolutionGuid = {48BAF228-D9F2-46E2-AF83-790DB6FBAA9B}
	EndGlobalSection
EndGlobal
