
Microsoft Visual Studio Solution File, Format Version 12.00
# Visual Studio Version 17
VisualStudioVersion = 17.9.34728.123
MinimumVisualStudioVersion = 10.0.40219.1
Project("{FAE04EC0-301F-11D3-BF4B-00C04F79EFBC}") = "BasicWindowsFormsApp", "BasicWindowsFormsApp\BasicWindowsFormsApp.csproj", "{15101E25-97BD-4CFE-A644-A1921615E701}"
EndProject
Global
	GlobalSection(SolutionConfigurationPlatforms) = preSolution
		Debug|Any CPU = Debug|Any CPU
		Release|Any CPU = Release|Any CPU
	EndGlobalSection
	GlobalSection(ProjectConfigurationPlatforms) = postSolution
		{15101E25-97BD-4CFE-A644-A1921615E701}.Debug|Any CPU.ActiveCfg = Debug|Any CPU
		{15101E25-97BD-4CFE-A644-A1921615E701}.Debug|Any CPU.Build.0 = Debug|Any CPU
		{15101E25-97BD-4CFE-A644-A1921615E701}.Release|Any CPU.ActiveCfg = Release|Any CPU
		{15101E25-97BD-4CFE-A644-A1921615E701}.Release|Any CPU.Build.0 = Release|Any CPU
	EndGlobalSection
	GlobalSection(SolutionProperties) = preSolution
		HideSolutionNode = FALSE
	EndGlobalSection
	GlobalSection(ExtensibilityGlobals) = postSolution
		SolutionGuid = {774A94CE-08B9-4115-AE78-38A9260E2B5C}
	EndGlobalSection
EndGlobal
