
Microsoft Visual Studio Solution File, Format Version 12.00
# Visual Studio Version 17
VisualStudioVersion = 17.9.34728.123
MinimumVisualStudioVersion = 10.0.40219.1
Project("{FAE04EC0-301F-11D3-BF4B-00C04F79EFBC}") = "KendoUI", "KendoUI\KendoUI.csproj", "{3B418C23-A4D4-491B-8260-8A0F88FFD625}"
EndProject
Global
	GlobalSection(SolutionConfigurationPlatforms) = preSolution
		Debug|Any CPU = Debug|Any CPU
		Release|Any CPU = Release|Any CPU
	EndGlobalSection
	GlobalSection(ProjectConfigurationPlatforms) = postSolution
		{3B418C23-A4D4-491B-8260-8A0F88FFD625}.Debug|Any CPU.ActiveCfg = Debug|Any CPU
		{3B418C23-A4D4-491B-8260-8A0F88FFD625}.Debug|Any CPU.Build.0 = Debug|Any CPU
		{3B418C23-A4D4-491B-8260-8A0F88FFD625}.Release|Any CPU.ActiveCfg = Release|Any CPU
		{3B418C23-A4D4-491B-8260-8A0F88FFD625}.Release|Any CPU.Build.0 = Release|Any CPU
	EndGlobalSection
	GlobalSection(SolutionProperties) = preSolution
		HideSolutionNode = FALSE
	EndGlobalSection
	GlobalSection(ExtensibilityGlobals) = postSolution
		SolutionGuid = {62F744F0-4F57-4E23-9D99-02E2D30238FC}
	EndGlobalSection
EndGlobal
