
Microsoft Visual Studio Solution File, Format Version 12.00
# Visual Studio Version 17
VisualStudioVersion = 17.9.34728.123
MinimumVisualStudioVersion = 10.0.40219.1
Project("{FAE04EC0-301F-11D3-BF4B-00C04F79EFBC}") = "BasicCRUDWeb1", "BasicCRUDWeb1\BasicCRUDWeb1.csproj", "{672A71E8-0D1A-4249-9DB7-99CD892CF578}"
EndProject
Global
	GlobalSection(SolutionConfigurationPlatforms) = preSolution
		Debug|Any CPU = Debug|Any CPU
		Release|Any CPU = Release|Any CPU
	EndGlobalSection
	GlobalSection(ProjectConfigurationPlatforms) = postSolution
		{672A71E8-0D1A-4249-9DB7-99CD892CF578}.Debug|Any CPU.ActiveCfg = Debug|Any CPU
		{672A71E8-0D1A-4249-9DB7-99CD892CF578}.Debug|Any CPU.Build.0 = Debug|Any CPU
		{672A71E8-0D1A-4249-9DB7-99CD892CF578}.Release|Any CPU.ActiveCfg = Release|Any CPU
		{672A71E8-0D1A-4249-9DB7-99CD892CF578}.Release|Any CPU.Build.0 = Release|Any CPU
	EndGlobalSection
	GlobalSection(SolutionProperties) = preSolution
		HideSolutionNode = FALSE
	EndGlobalSection
	GlobalSection(ExtensibilityGlobals) = postSolution
		SolutionGuid = {E850DADA-8C24-49A6-9F8C-1A8CF1A7CDD6}
	EndGlobalSection
EndGlobal
